
Microsoft Visual Studio Solution File, Format Version 12.00
# Visual Studio Version 17
VisualStudioVersion = 17.7.34031.279
MinimumVisualStudioVersion = 10.0.40219.1
Project("{FAE04EC0-301F-11D3-BF4B-00C04F79EFBC}") = "Sudoku", "Sudoku\Sudoku.csproj", "{BEDC969A-3E72-45A1-AFB7-E2EAE5E26FFC}"
EndProject
Global
	GlobalSection(SolutionConfigurationPlatforms) = preSolution
		Debug|Any CPU = Debug|Any CPU
		Release|Any CPU = Release|Any CPU
	EndGlobalSection
	GlobalSection(ProjectConfigurationPlatforms) = postSolution
		{BEDC969A-3E72-45A1-AFB7-E2EAE5E26FFC}.Debug|Any CPU.ActiveCfg = Debug|Any CPU
		{BEDC969A-3E72-45A1-AFB7-E2EAE5E26FFC}.Debug|Any CPU.Build.0 = Debug|Any CPU
		{BEDC969A-3E72-45A1-AFB7-E2EAE5E26FFC}.Release|Any CPU.ActiveCfg = Release|Any CPU
		{BEDC969A-3E72-45A1-AFB7-E2EAE5E26FFC}.Release|Any CPU.Build.0 = Release|Any CPU
	EndGlobalSection
	GlobalSection(SolutionProperties) = preSolution
		HideSolutionNode = FALSE
	EndGlobalSection
	GlobalSection(ExtensibilityGlobals) = postSolution
		SolutionGuid = {5B6E5218-7758-47BE-B8AE-7CF96748A57E}
	EndGlobalSection
EndGlobal
